
Microsoft Visual Studio Solution File, Format Version 12.00
# Visual Studio Version 16
VisualStudioVersion = 16.0.31515.178
MinimumVisualStudioVersion = 10.0.40219.1
Project("{FAE04EC0-301F-11D3-BF4B-00C04F79EFBC}") = "ArticlesSite", "ArticlesSite\ArticlesSite.csproj", "{5D8C795A-7BCB-433E-BAAC-B5B045BAB4A5}"
EndProject
Global
	GlobalSection(SolutionConfigurationPlatforms) = preSolution
		Debug|Any CPU = Debug|Any CPU
		Release|Any CPU = Release|Any CPU
	EndGlobalSection
	GlobalSection(ProjectConfigurationPlatforms) = postSolution
		{5D8C795A-7BCB-433E-BAAC-B5B045BAB4A5}.Debug|Any CPU.ActiveCfg = Debug|Any CPU
		{5D8C795A-7BCB-433E-BAAC-B5B045BAB4A5}.Debug|Any CPU.Build.0 = Debug|Any CPU
		{5D8C795A-7BCB-433E-BAAC-B5B045BAB4A5}.Release|Any CPU.ActiveCfg = Release|Any CPU
		{5D8C795A-7BCB-433E-BAAC-B5B045BAB4A5}.Release|Any CPU.Build.0 = Release|Any CPU
	EndGlobalSection
	GlobalSection(SolutionProperties) = preSolution
		HideSolutionNode = FALSE
	EndGlobalSection
	GlobalSection(ExtensibilityGlobals) = postSolution
		SolutionGuid = {144E01DE-B6E0-47DE-B4E2-37C5DA0E4B6B}
	EndGlobalSection
EndGlobal
